
Microsoft Visual Studio Solution File, Format Version 12.00
# Visual Studio Version 16
VisualStudioVersion = 16.0.31129.286
MinimumVisualStudioVersion = 10.0.40219.1
Project("{FAE04EC0-301F-11D3-BF4B-00C04F79EFBC}") = "AzureFunctionTest", "AzureFunctionTest\AzureFunctionTest.csproj", "{3BB8CFC8-8053-4CCA-8B34-25A84C19806C}"
EndProject
Global
	GlobalSection(SolutionConfigurationPlatforms) = preSolution
		Debug|Any CPU = Debug|Any CPU
		Release|Any CPU = Release|Any CPU
	EndGlobalSection
	GlobalSection(ProjectConfigurationPlatforms) = postSolution
		{3BB8CFC8-8053-4CCA-8B34-25A84C19806C}.Debug|Any CPU.ActiveCfg = Debug|Any CPU
		{3BB8CFC8-8053-4CCA-8B34-25A84C19806C}.Debug|Any CPU.Build.0 = Debug|Any CPU
		{3BB8CFC8-8053-4CCA-8B34-25A84C19806C}.Release|Any CPU.ActiveCfg = Release|Any CPU
		{3BB8CFC8-8053-4CCA-8B34-25A84C19806C}.Release|Any CPU.Build.0 = Release|Any CPU
	EndGlobalSection
	GlobalSection(SolutionProperties) = preSolution
		HideSolutionNode = FALSE
	EndGlobalSection
	GlobalSection(ExtensibilityGlobals) = postSolution
		SolutionGuid = {7A046633-87F2-44D9-BB4D-4BC4AE258C1C}
	EndGlobalSection
EndGlobal
